// !$*UTF8*$!
{
	archiveVersion = 1;
	classes = {
	};
	objectVersion = 46;
	objects = {

/* Begin PBXBuildFile section */
		E1B4E3531C9D9C4C001CBAF1 /* main.m in Sources */ = {isa = PBXBuildFile; fileRef = E1B4E3521C9D9C4C001CBAF1 /* main.m */; };
		E1B4E3561C9D9C4C001CBAF1 /* AppDelegate.m in Sources */ = {isa = PBXBuildFile; fileRef = E1B4E3551C9D9C4C001CBAF1 /* AppDelegate.m */; };
		E1B4E3591C9D9C4C001CBAF1 /* ViewController.m in Sources */ = {isa = PBXBuildFile; fileRef = E1B4E3581C9D9C4C001CBAF1 /* ViewController.m */; };
		E1B4E35C1C9D9C4C001CBAF1 /* Main.storyboard in Resources */ = {isa = PBXBuildFile; fileRef = E1B4E35A1C9D9C4C001CBAF1 /* Main.storyboard */; };
		E1B4E35E1C9D9C4C001CBAF1 /* Assets.xcassets in Resources */ = {isa = PBXBuildFile; fileRef = E1B4E35D1C9D9C4C001CBAF1 /* Assets.xcassets */; };
		E1B4E3611C9D9C4C001CBAF1 /* LaunchScreen.storyboard in Resources */ = {isa = PBXBuildFile; fileRef = E1B4E35F1C9D9C4C001CBAF1 /* LaunchScreen.storyboard */; };
		E1B4E36C1C9D9C4C001CBAF1 /* grizzhacksTests.m in Sources */ = {isa = PBXBuildFile; fileRef = E1B4E36B1C9D9C4C001CBAF1 /* grizzhacksTests.m */; };
		E1B4E3771C9D9C4C001CBAF1 /* grizzhacksUITests.m in Sources */ = {isa = PBXBuildFile; fileRef = E1B4E3761C9D9C4C001CBAF1 /* grizzhacksUITests.m */; };
/* End PBXBuildFile section */

/* Begin PBXContainerItemProxy section */
		E1B4E3681C9D9C4C001CBAF1 /* PBXContainerItemProxy */ = {
			isa = PBXContainerItemProxy;
			containerPortal = E1B4E3461C9D9C4C001CBAF1 /* Project object */;
			proxyType = 1;
			remoteGlobalIDString = E1B4E34D1C9D9C4C001CBAF1;
			remoteInfo = grizzhacks;
		};
		E1B4E3731C9D9C4C001CBAF1 /* PBXContainerItemProxy */ = {
			isa = PBXContainerItemProxy;
			containerPortal = E1B4E3461C9D9C4C001CBAF1 /* Project object */;
			proxyType = 1;
			remoteGlobalIDString = E1B4E34D1C9D9C4C001CBAF1;
			remoteInfo = grizzhacks;
		};
/* End PBXContainerItemProxy section */

/* Begin PBXFileReference section */
		E1B4E34E1C9D9C4C001CBAF1 /* grizzhacks.app */ = {isa = PBXFileReference; explicitFileType = wrapper.application; includeInIndex = 0; path = grizzhacks.app; sourceTree = BUILT_PRODUCTS_DIR; };
		E1B4E3521C9D9C4C001CBAF1 /* main.m */ = {isa = PBXFileReference; lastKnownFileType = sourcecode.c.objc; path = main.m; sourceTree = "<group>"; };
		E1B4E3541C9D9C4C001CBAF1 /* AppDelegate.h */ = {isa = PBXFileReference; lastKnownFileType = sourcecode.c.h; path = AppDelegate.h; sourceTree = "<group>"; };
		E1B4E3551C9D9C4C001CBAF1 /* AppDelegate.m */ = {isa = PBXFileReference; lastKnownFileType = sourcecode.c.objc; path = AppDelegate.m; sourceTree = "<group>"; };
		E1B4E3571C9D9C4C001CBAF1 /* ViewController.h */ = {isa = PBXFileReference; lastKnownFileType = sourcecode.c.h; path = ViewController.h; sourceTree = "<group>"; };
		E1B4E3581C9D9C4C001CBAF1 /* ViewController.m */ = {isa = PBXFileReference; lastKnownFileType = sourcecode.c.objc; path = ViewController.m; sourceTree = "<group>"; };
		E1B4E35B1C9D9C4C001CBAF1 /* Base */ = {isa = PBXFileReference; lastKnownFileType = file.storyboard; name = Base; path = Base.lproj/Main.storyboard; sourceTree = "<group>"; };
		E1B4E35D1C9D9C4C001CBAF1 /* Assets.xcassets */ = {isa = PBXFileReference; lastKnownFileType = folder.assetcatalog; path = Assets.xcassets; sourceTree = "<group>"; };
		E1B4E3601C9D9C4C001CBAF1 /* Base */ = {isa = PBXFileReference; lastKnownFileType = file.storyboard; name = Base; path = Base.lproj/LaunchScreen.storyboard; sourceTree = "<group>"; };
		E1B4E3621C9D9C4C001CBAF1 /* Info.plist */ = {isa = PBXFileReference; lastKnownFileType = text.plist.xml; path = Info.plist; sourceTree = "<group>"; };
		E1B4E3671C9D9C4C001CBAF1 /* grizzhacksTests.xctest */ = {isa = PBXFileReference; explicitFileType = wrapper.cfbundle; includeInIndex = 0; path = grizzhacksTests.xctest; sourceTree = BUILT_PRODUCTS_DIR; };
		E1B4E36B1C9D9C4C001CBAF1 /* grizzhacksTests.m */ = {isa = PBXFileReference; lastKnownFileType = sourcecode.c.objc; path = grizzhacksTests.m; sourceTree = "<group>"; };
		E1B4E36D1C9D9C4C001CBAF1 /* Info.plist */ = {isa = PBXFileReference; lastKnownFileType = text.plist.xml; path = Info.plist; sourceTree = "<group>"; };
		E1B4E3721C9D9C4C001CBAF1 /* grizzhacksUITests.xctest */ = {isa = PBXFileReference; explicitFileType = wrapper.cfbundle; includeInIndex = 0; path = grizzhacksUITests.xctest; sourceTree = BUILT_PRODUCTS_DIR; };
		E1B4E3761C9D9C4C001CBAF1 /* grizzhacksUITests.m */ = {isa = PBXFileReference; lastKnownFileType = sourcecode.c.objc; path = grizzhacksUITests.m; sourceTree = "<group>"; };
		E1B4E3781C9D9C4C001CBAF1 /* Info.plist */ = {isa = PBXFileReference; lastKnownFileType = text.plist.xml; path = Info.plist; sourceTree = "<group>"; };
/* End PBXFileReference section */

/* Begin PBXFrameworksBuildPhase section */
		E1B4E34B1C9D9C4C001CBAF1 /* Frameworks */ = {
			isa = PBXFrameworksBuildPhase;
			buildActionMask = 2147483647;
			files = (
			);
			runOnlyForDeploymentPostprocessing = 0;
		};
		E1B4E3641C9D9C4C001CBAF1 /* Frameworks */ = {
			isa = PBXFrameworksBuildPhase;
			buildActionMask = 2147483647;
			files = (
			);
			runOnlyForDeploymentPostprocessing = 0;
		};
		E1B4E36F1C9D9C4C001CBAF1 /* Frameworks */ = {
			isa = PBXFrameworksBuildPhase;
			buildActionMask = 2147483647;
			files = (
			);
			runOnlyForDeploymentPostprocessing = 0;
		};
/* End PBXFrameworksBuildPhase section */

/* Begin PBXGroup section */
		E1B4E3451C9D9C4C001CBAF1 = {
			isa = PBXGroup;
			children = (
				E1B4E3501C9D9C4C001CBAF1 /* grizzhacks */,
				E1B4E36A1C9D9C4C001CBAF1 /* grizzhacksTests */,
				E1B4E3751C9D9C4C001CBAF1 /* grizzhacksUITests */,
				E1B4E34F1C9D9C4C001CBAF1 /* Products */,
			);
			sourceTree = "<group>";
		};
		E1B4E34F1C9D9C4C001CBAF1 /* Products */ = {
			isa = PBXGroup;
			children = (
				E1B4E34E1C9D9C4C001CBAF1 /* grizzhacks.app */,
				E1B4E3671C9D9C4C001CBAF1 /* grizzhacksTests.xctest */,
				E1B4E3721C9D9C4C001CBAF1 /* grizzhacksUITests.xctest */,
			);
			name = Products;
			sourceTree = "<group>";
		};
		E1B4E3501C9D9C4C001CBAF1 /* grizzhacks */ = {
			isa = PBXGroup;
			children = (
				E1B4E3541C9D9C4C001CBAF1 /* AppDelegate.h */,
				E1B4E3551C9D9C4C001CBAF1 /* AppDelegate.m */,
				E1B4E3571C9D9C4C001CBAF1 /* ViewController.h */,
				E1B4E3581C9D9C4C001CBAF1 /* ViewController.m */,
				E1B4E35A1C9D9C4C001CBAF1 /* Main.storyboard */,
				E1B4E35D1C9D9C4C001CBAF1 /* Assets.xcassets */,
				E1B4E35F1C9D9C4C001CBAF1 /* LaunchScreen.storyboard */,
				E1B4E3621C9D9C4C001CBAF1 /* Info.plist */,
				E1B4E3511C9D9C4C001CBAF1 /* Supporting Files */,
			);
			path = grizzhacks;
			sourceTree = "<group>";
		};
		E1B4E3511C9D9C4C001CBAF1 /* Supporting Files */ = {
			isa = PBXGroup;
			children = (
				E1B4E3521C9D9C4C001CBAF1 /* main.m */,
			);
			name = "Supporting Files";
			sourceTree = "<group>";
		};
		E1B4E36A1C9D9C4C001CBAF1 /* grizzhacksTests */ = {
			isa = PBXGroup;
			children = (
				E1B4E36B1C9D9C4C001CBAF1 /* grizzhacksTests.m */,
				E1B4E36D1C9D9C4C001CBAF1 /* Info.plist */,
			);
			path = grizzhacksTests;
			sourceTree = "<group>";
		};
		E1B4E3751C9D9C4C001CBAF1 /* grizzhacksUITests */ = {
			isa = PBXGroup;
			children = (
				E1B4E3761C9D9C4C001CBAF1 /* grizzhacksUITests.m */,
				E1B4E3781C9D9C4C001CBAF1 /* Info.plist */,
			);
			path = grizzhacksUITests;
			sourceTree = "<group>";
		};
/* End PBXGroup section */

/* Begin PBXNativeTarget section */
		E1B4E34D1C9D9C4C001CBAF1 /* grizzhacks */ = {
			isa = PBXNativeTarget;
			buildConfigurationList = E1B4E37B1C9D9C4C001CBAF1 /* Build configuration list for PBXNativeTarget "grizzhacks" */;
			buildPhases = (
				E1B4E34A1C9D9C4C001CBAF1 /* Sources */,
				E1B4E34B1C9D9C4C001CBAF1 /* Frameworks */,
				E1B4E34C1C9D9C4C001CBAF1 /* Resources */,
			);
			buildRules = (
			);
			dependencies = (
			);
			name = grizzhacks;
			productName = grizzhacks;
			productReference = E1B4E34E1C9D9C4C001CBAF1 /* grizzhacks.app */;
			productType = "com.apple.product-type.application";
		};
		E1B4E3661C9D9C4C001CBAF1 /* grizzhacksTests */ = {
			isa = PBXNativeTarget;
			buildConfigurationList = E1B4E37E1C9D9C4C001CBAF1 /* Build configuration list for PBXNativeTarget "grizzhacksTests" */;
			buildPhases = (
				E1B4E3631C9D9C4C001CBAF1 /* Sources */,
				E1B4E3641C9D9C4C001CBAF1 /* Frameworks */,
				E1B4E3651C9D9C4C001CBAF1 /* Resources */,
			);
			buildRules = (
			);
			dependencies = (
				E1B4E3691C9D9C4C001CBAF1 /* PBXTargetDependency */,
			);
			name = grizzhacksTests;
			productName = grizzhacksTests;
			productReference = E1B4E3671C9D9C4C001CBAF1 /* grizzhacksTests.xctest */;
			productType = "com.apple.product-type.bundle.unit-test";
		};
		E1B4E3711C9D9C4C001CBAF1 /* grizzhacksUITests */ = {
			isa = PBXNativeTarget;
			buildConfigurationList = E1B4E3811C9D9C4C001CBAF1 /* Build configuration list for PBXNativeTarget "grizzhacksUITests" */;
			buildPhases = (
				E1B4E36E1C9D9C4C001CBAF1 /* Sources */,
				E1B4E36F1C9D9C4C001CBAF1 /* Frameworks */,
				E1B4E3701C9D9C4C001CBAF1 /* Resources */,
			);
			buildRules = (
			);
			dependencies = (
				E1B4E3741C9D9C4C001CBAF1 /* PBXTargetDependency */,
			);
			name = grizzhacksUITests;
			productName = grizzhacksUITests;
			productReference = E1B4E3721C9D9C4C001CBAF1 /* grizzhacksUITests.xctest */;
			productType = "com.apple.product-type.bundle.ui-testing";
		};
/* End PBXNativeTarget section */

/* Begin PBXProject section */
		E1B4E3461C9D9C4C001CBAF1 /* Project object */ = {
			isa = PBXProject;
			attributes = {
				LastUpgradeCheck = 0720;
				ORGANIZATIONNAME = "Hayden Blair";
				TargetAttributes = {
					E1B4E34D1C9D9C4C001CBAF1 = {
						CreatedOnToolsVersion = 7.2;
					};
					E1B4E3661C9D9C4C001CBAF1 = {
						CreatedOnToolsVersion = 7.2;
						TestTargetID = E1B4E34D1C9D9C4C001CBAF1;
					};
					E1B4E3711C9D9C4C001CBAF1 = {
						CreatedOnToolsVersion = 7.2;
						TestTargetID = E1B4E34D1C9D9C4C001CBAF1;
					};
				};
			};
			buildConfigurationList = E1B4E3491C9D9C4C001CBAF1 /* Build configuration list for PBXProject "grizzhacks" */;
			compatibilityVersion = "Xcode 3.2";
			developmentRegion = English;
			hasScannedForEncodings = 0;
			knownRegions = (
				en,
				Base,
			);
			mainGroup = E1B4E3451C9D9C4C001CBAF1;
			productRefGroup = E1B4E34F1C9D9C4C001CBAF1 /* Products */;
			projectDirPath = "";
			projectRoot = "";
			targets = (
				E1B4E34D1C9D9C4C001CBAF1 /* grizzhacks */,
				E1B4E3661C9D9C4C001CBAF1 /* grizzhacksTests */,
				E1B4E3711C9D9C4C001CBAF1 /* grizzhacksUITests */,
			);
		};
/* End PBXProject section */

/* Begin PBXResourcesBuildPhase section */
		E1B4E34C1C9D9C4C001CBAF1 /* Resources */ = {
			isa = PBXResourcesBuildPhase;
			buildActionMask = 2147483647;
			files = (
				E1B4E3611C9D9C4C001CBAF1 /* LaunchScreen.storyboard in Resources */,
				E1B4E35E1C9D9C4C001CBAF1 /* Assets.xcassets in Resources */,
				E1B4E35C1C9D9C4C001CBAF1 /* Main.storyboard in Resources */,
			);
			runOnlyForDeploymentPostprocessing = 0;
		};
		E1B4E3651C9D9C4C001CBAF1 /* Resources */ = {
			isa = PBXResourcesBuildPhase;
			buildActionMask = 2147483647;
			files = (
			);
			runOnlyForDeploymentPostprocessing = 0;
		};
		E1B4E3701C9D9C4C001CBAF1 /* Resources */ = {
			isa = PBXResourcesBuildPhase;
			buildActionMask = 2147483647;
			files = (
			);
			runOnlyForDeploymentPostprocessing = 0;
		};
/* End PBXResourcesBuildPhase section */

/* Begin PBXSourcesBuildPhase section */
		E1B4E34A1C9D9C4C001CBAF1 /* Sources */ = {
			isa = PBXSourcesBuildPhase;
			buildActionMask = 2147483647;
			files = (
				E1B4E3591C9D9C4C001CBAF1 /* ViewController.m in Sources */,
				E1B4E3561C9D9C4C001CBAF1 /* AppDelegate.m in Sources */,
				E1B4E3531C9D9C4C001CBAF1 /* main.m in Sources */,
			);
			runOnlyForDeploymentPostprocessing = 0;
		};
		E1B4E3631C9D9C4C001CBAF1 /* Sources */ = {
			isa = PBXSourcesBuildPhase;
			buildActionMask = 2147483647;
			files = (
				E1B4E36C1C9D9C4C001CBAF1 /* grizzhacksTests.m in Sources */,
			);
			runOnlyForDeploymentPostprocessing = 0;
		};
		E1B4E36E1C9D9C4C001CBAF1 /* Sources */ = {
			isa = PBXSourcesBuildPhase;
			buildActionMask = 2147483647;
			files = (
				E1B4E3771C9D9C4C001CBAF1 /* grizzhacksUITests.m in Sources */,
			);
			runOnlyForDeploymentPostprocessing = 0;
		};
/* End PBXSourcesBuildPhase section */

/* Begin PBXTargetDependency section */
		E1B4E3691C9D9C4C001CBAF1 /* PBXTargetDependency */ = {
			isa = PBXTargetDependency;
			target = E1B4E34D1C9D9C4C001CBAF1 /* grizzhacks */;
			targetProxy = E1B4E3681C9D9C4C001CBAF1 /* PBXContainerItemProxy */;
		};
		E1B4E3741C9D9C4C001CBAF1 /* PBXTargetDependency */ = {
			isa = PBXTargetDependency;
			target = E1B4E34D1C9D9C4C001CBAF1 /* grizzhacks */;
			targetProxy = E1B4E3731C9D9C4C001CBAF1 /* PBXContainerItemProxy */;
		};
/* End PBXTargetDependency section */

/* Begin PBXVariantGroup section */
		E1B4E35A1C9D9C4C001CBAF1 /* Main.storyboard */ = {
			isa = PBXVariantGroup;
			children = (
				E1B4E35B1C9D9C4C001CBAF1 /* Base */,
			);
			name = Main.storyboard;
			sourceTree = "<group>";
		};
		E1B4E35F1C9D9C4C001CBAF1 /* LaunchScreen.storyboard */ = {
			isa = PBXVariantGroup;
			children = (
				E1B4E3601C9D9C4C001CBAF1 /* Base */,
			);
			name = LaunchScreen.storyboard;
			sourceTree = "<group>";
		};
/* End PBXVariantGroup section */

/* Begin XCBuildConfiguration section */
		E1B4E3791C9D9C4C001CBAF1 /* Debug */ = {
			isa = XCBuildConfiguration;
			buildSettings = {
				ALWAYS_SEARCH_USER_PATHS = NO;
				CLANG_CXX_LANGUAGE_STANDARD = "gnu++0x";
				CLANG_CXX_LIBRARY = "libc++";
				CLANG_ENABLE_MODULES = YES;
				CLANG_ENABLE_OBJC_ARC = YES;
				CLANG_WARN_BOOL_CONVERSION = YES;
				CLANG_WARN_CONSTANT_CONVERSION = YES;
				CLANG_WARN_DIRECT_OBJC_ISA_USAGE = YES_ERROR;
				CLANG_WARN_EMPTY_BODY = YES;
				CLANG_WARN_ENUM_CONVERSION = YES;
				CLANG_WARN_INT_CONVERSION = YES;
				CLANG_WARN_OBJC_ROOT_CLASS = YES_ERROR;
				CLANG_WARN_UNREACHABLE_CODE = YES;
				CLANG_WARN__DUPLICATE_METHOD_MATCH = YES;
				"CODE_SIGN_IDENTITY[sdk=iphoneos*]" = "iPhone Developer";
				COPY_PHASE_STRIP = NO;
				DEBUG_INFORMATION_FORMAT = dwarf;
				ENABLE_STRICT_OBJC_MSGSEND = YES;
				ENABLE_TESTABILITY = YES;
				GCC_C_LANGUAGE_STANDARD = gnu99;
				GCC_DYNAMIC_NO_PIC = NO;
				GCC_NO_COMMON_BLOCKS = YES;
				GCC_OPTIMIZATION_LEVEL = 0;
				GCC_PREPROCESSOR_DEFINITIONS = (
					"DEBUG=1",
					"$(inherited)",
				);
				GCC_WARN_64_TO_32_BIT_CONVERSION = YES;
				GCC_WARN_ABOUT_RETURN_TYPE = YES_ERROR;
				GCC_WARN_UNDECLARED_SELECTOR = YES;
				GCC_WARN_UNINITIALIZED_AUTOS = YES_AGGRESSIVE;
				GCC_WARN_UNUSED_FUNCTION = YES;
				GCC_WARN_UNUSED_VARIABLE = YES;
				IPHONEOS_DEPLOYMENT_TARGET = 9.2;
				MTL_ENABLE_DEBUG_INFO = YES;
				ONLY_ACTIVE_ARCH = YES;
				SDKROOT = iphoneos;
				TARGETED_DEVICE_FAMILY = "1,2";
			};
			name = Debug;
		};
		E1B4E37A1C9D9C4C001CBAF1 /* Release */ = {
			isa = XCBuildConfiguration;
			buildSettings = {
				ALWAYS_SEARCH_USER_PATHS = NO;
				CLANG_CXX_LANGUAGE_STANDARD = "gnu++0x";
				CLANG_CXX_LIBRARY = "libc++";
				CLANG_ENABLE_MODULES = YES;
				CLANG_ENABLE_OBJC_ARC = YES;
				CLANG_WARN_BOOL_CONVERSION = YES;
				CLANG_WARN_CONSTANT_CONVERSION = YES;
				CLANG_WARN_DIRECT_OBJC_ISA_USAGE = YES_ERROR;
				CLANG_WARN_EMPTY_BODY = YES;
				CLANG_WARN_ENUM_CONVERSION = YES;
				CLANG_WARN_INT_CONVERSION = YES;
				CLANG_WARN_OBJC_ROOT_CLASS = YES_ERROR;
				CLANG_WARN_UNREACHABLE_CODE = YES;
				CLANG_WARN__DUPLICATE_METHOD_MATCH = YES;
				"CODE_SIGN_IDENTITY[sdk=iphoneos*]" = "iPhone Developer";
				COPY_PHASE_STRIP = NO;
				DEBUG_INFORMATION_FORMAT = "dwarf-with-dsym";
				ENABLE_NS_ASSERTIONS = NO;
				ENABLE_STRICT_OBJC_MSGSEND = YES;
				GCC_C_LANGUAGE_STANDARD = gnu99;
				GCC_NO_COMMON_BLOCKS = YES;
				GCC_WARN_64_TO_32_BIT_CONVERSION = YES;
				GCC_WARN_ABOUT_RETURN_TYPE = YES_ERROR;
				GCC_WARN_UNDECLARED_SELECTOR = YES;
				GCC_WARN_UNINITIALIZED_AUTOS = YES_AGGRESSIVE;
				GCC_WARN_UNUSED_FUNCTION = YES;
				GCC_WARN_UNUSED_VARIABLE = YES;
				IPHONEOS_DEPLOYMENT_TARGET = 9.2;
				MTL_ENABLE_DEBUG_INFO = NO;
				SDKROOT = iphoneos;
				TARGETED_DEVICE_FAMILY = "1,2";
				VALIDATE_PRODUCT = YES;
			};
			name = Release;
		};
		E1B4E37C1C9D9C4C001CBAF1 /* Debug */ = {
			isa = XCBuildConfiguration;
			buildSettings = {
				ASSETCATALOG_COMPILER_APPICON_NAME = AppIcon;
				INFOPLIST_FILE = grizzhacks/Info.plist;
				LD_RUNPATH_SEARCH_PATHS = "$(inherited) @executable_path/Frameworks";
				PRODUCT_BUNDLE_IDENTIFIER = com.hackathon.grizzhacks;
				PRODUCT_NAME = "$(TARGET_NAME)";
			};
			name = Debug;
		};
		E1B4E37D1C9D9C4C001CBAF1 /* Release */ = {
			isa = XCBuildConfiguration;
			buildSettings = {
				ASSETCATALOG_COMPILER_APPICON_NAME = AppIcon;
				INFOPLIST_FILE = grizzhacks/Info.plist;
				LD_RUNPATH_SEARCH_PATHS = "$(inherited) @executable_path/Frameworks";
				PRODUCT_BUNDLE_IDENTIFIER = com.hackathon.grizzhacks;
				PRODUCT_NAME = "$(TARGET_NAME)";
			};
			name = Release;
		};
		E1B4E37F1C9D9C4C001CBAF1 /* Debug */ = {
			isa = XCBuildConfiguration;
			buildSettings = {
				BUNDLE_LOADER = "$(TEST_HOST)";
				INFOPLIST_FILE = grizzhacksTests/Info.plist;
				LD_RUNPATH_SEARCH_PATHS = "$(inherited) @executable_path/Frameworks @loader_path/Frameworks";
				PRODUCT_BUNDLE_IDENTIFIER = com.hackathon.grizzhacksTests;
				PRODUCT_NAME = "$(TARGET_NAME)";
				TEST_HOST = "$(BUILT_PRODUCTS_DIR)/grizzhacks.app/grizzhacks";
			};
			name = Debug;
		};
		E1B4E3801C9D9C4C001CBAF1 /* Release */ = {
			isa = XCBuildConfiguration;
			buildSettings = {
				BUNDLE_LOADER = "$(TEST_HOST)";
				INFOPLIST_FILE = grizzhacksTests/Info.plist;
				LD_RUNPATH_SEARCH_PATHS = "$(inherited) @executable_path/Frameworks @loader_path/Frameworks";
				PRODUCT_BUNDLE_IDENTIFIER = com.hackathon.grizzhacksTests;
				PRODUCT_NAME = "$(TARGET_NAME)";
				TEST_HOST = "$(BUILT_PRODUCTS_DIR)/grizzhacks.app/grizzhacks";
			};
			name = Release;
		};
		E1B4E3821C9D9C4C001CBAF1 /* Debug */ = {
			isa = XCBuildConfiguration;
			buildSettings = {
				INFOPLIST_FILE = grizzhacksUITests/Info.plist;
				LD_RUNPATH_SEARCH_PATHS = "$(inherited) @executable_path/Frameworks @loader_path/Frameworks";
				PRODUCT_BUNDLE_IDENTIFIER = com.hackathon.grizzhacksUITests;
				PRODUCT_NAME = "$(TARGET_NAME)";
				TEST_TARGET_NAME = grizzhacks;
				USES_XCTRUNNER = YES;
			};
			name = Debug;
		};
		E1B4E3831C9D9C4C001CBAF1 /* Release */ = {
			isa = XCBuildConfiguration;
			buildSettings = {
				INFOPLIST_FILE = grizzhacksUITests/Info.plist;
				LD_RUNPATH_SEARCH_PATHS = "$(inherited) @executable_path/Frameworks @loader_path/Frameworks";
				PRODUCT_BUNDLE_IDENTIFIER = com.hackathon.grizzhacksUITests;
				PRODUCT_NAME = "$(TARGET_NAME)";
				TEST_TARGET_NAME = grizzhacks;
				USES_XCTRUNNER = YES;
			};
			name = Release;
		};
/* End XCBuildConfiguration section */

/* Begin XCConfigurationList section */
		E1B4E3491C9D9C4C001CBAF1 /* Build configuration list for PBXProject "grizzhacks" */ = {
			isa = XCConfigurationList;
			buildConfigurations = (
				E1B4E3791C9D9C4C001CBAF1 /* Debug */,
				E1B4E37A1C9D9C4C001CBAF1 /* Release */,
			);
			defaultConfigurationIsVisible = 0;
			defaultConfigurationName = Release;
		};
		E1B4E37B1C9D9C4C001CBAF1 /* Build configuration list for PBXNativeTarget "grizzhacks" */ = {
			isa = XCConfigurationList;
			buildConfigurations = (
				E1B4E37C1C9D9C4C001CBAF1 /* Debug */,
				E1B4E37D1C9D9C4C001CBAF1 /* Release */,
			);
			defaultConfigurationIsVisible = 0;
		};
		E1B4E37E1C9D9C4C001CBAF1 /* Build configuration list for PBXNativeTarget "grizzhacksTests" */ = {
			isa = XCConfigurationList;
			buildConfigurations = (
				E1B4E37F1C9D9C4C001CBAF1 /* Debug */,
				E1B4E3801C9D9C4C001CBAF1 /* Release */,
			);
			defaultConfigurationIsVisible = 0;
		};
		E1B4E3811C9D9C4C001CBAF1 /* Build configuration list for PBXNativeTarget "grizzhacksUITests" */ = {
			isa = XCConfigurationList;
			buildConfigurations = (
				E1B4E3821C9D9C4C001CBAF1 /* Debug */,
				E1B4E3831C9D9C4C001CBAF1 /* Release */,
			);
			defaultConfigurationIsVisible = 0;
		};
/* End XCConfigurationList section */
	};
	rootObject = E1B4E3461C9D9C4C001CBAF1 /* Project object */;
}
